
Microsoft Visual Studio Solution File, Format Version 12.00
# Visual Studio Version 16
VisualStudioVersion = 16.0.30717.126
MinimumVisualStudioVersion = 10.0.40219.1
Project("{9A19103F-16F7-4668-BE54-9A1E7A4F7556}") = "EmployeeWages", "EmployeeWages.csproj", "{1C36E3DB-57E3-4D88-82E2-E8036C1CCE7A}"
EndProject
Global
	GlobalSection(SolutionConfigurationPlatforms) = preSolution
		Debug|Any CPU = Debug|Any CPU
		Release|Any CPU = Release|Any CPU
	EndGlobalSection
	GlobalSection(ProjectConfigurationPlatforms) = postSolution
		{1C36E3DB-57E3-4D88-82E2-E8036C1CCE7A}.Debug|Any CPU.ActiveCfg = Debug|Any CPU
		{1C36E3DB-57E3-4D88-82E2-E8036C1CCE7A}.Debug|Any CPU.Build.0 = Debug|Any CPU
		{1C36E3DB-57E3-4D88-82E2-E8036C1CCE7A}.Release|Any CPU.ActiveCfg = Release|Any CPU
		{1C36E3DB-57E3-4D88-82E2-E8036C1CCE7A}.Release|Any CPU.Build.0 = Release|Any CPU
	EndGlobalSection
	GlobalSection(SolutionProperties) = preSolution
		HideSolutionNode = FALSE
	EndGlobalSection
	GlobalSection(ExtensibilityGlobals) = postSolution
		SolutionGuid = {AA3ADD93-015D-40EC-BA9D-6EA4173DD6CC}
	EndGlobalSection
EndGlobal
